PODS:
  - addressbook (0.0.1):
    - Flutter
  - Flutter (1.0.0)

DEPENDENCIES:
  - addressbook (from `.symlinks/plugins/addressbook/ios`)
  - Flutter (from `.symlinks/flutter/ios`)

EXTERNAL SOURCES:
  addressbook:
    :path: ".symlinks/plugins/addressbook/ios"
  Flutter:
    :path: ".symlinks/flutter/ios"

SPEC CHECKSUMS:
  addressbook: c3f2956b88c8ddfe10e0ab1986130963678c747b
  Flutter: 0e3d915762c693b495b44d77113d4970485de6ec

PODFILE CHECKSUM: 10ae9c18d12c9ffc2275c9a159a3b1e281990db0

COCOAPODS: 1.7.5
