PODS:
  - addressbook (0.0.1):
    - FlutterMacOS
  - FlutterMacOS (1.0.0)

DEPENDENCIES:
  - addressbook (from `Flutter/ephemeral/.symlinks/plugins/addressbook/macos`)
  - FlutterMacOS (from `Flutter/ephemeral`)

EXTERNAL SOURCES:
  addressbook:
    :path: Flutter/ephemeral/.symlinks/plugins/addressbook/macos
  FlutterMacOS:
    :path: Flutter/ephemeral

SPEC CHECKSUMS:
  addressbook: 104f048d19db5ddae6ca99d228f0f9dd6fde00c0
  FlutterMacOS: ae6af50a8ea7d6103d888583d46bd8328a7e9811

PODFILE CHECKSUM: 6eac6b3292e5142cfc23bdeb71848a40ec51c14c

COCOAPODS: 1.11.2
